
Microsoft Visual Studio Solution File, Format Version 12.00
# Visual Studio Version 16
VisualStudioVersion = 16.0.29905.134
MinimumVisualStudioVersion = 10.0.40219.1
Project("{FAE04EC0-301F-11D3-BF4B-00C04F79EFBC}") = "ABC Institute-Timetable Generator", "ABC Institute-Timetable Generator.csproj", "{11EF91DF-C5A1-40E0-ADE4-9E4EFF01FE60}"
EndProject
Global
	GlobalSection(SolutionConfigurationPlatforms) = preSolution
		Debug|Any CPU = Debug|Any CPU
		Release|Any CPU = Release|Any CPU
	EndGlobalSection
	GlobalSection(ProjectConfigurationPlatforms) = postSolution
		{11EF91DF-C5A1-40E0-ADE4-9E4EFF01FE60}.Debug|Any CPU.ActiveCfg = Debug|Any CPU
		{11EF91DF-C5A1-40E0-ADE4-9E4EFF01FE60}.Debug|Any CPU.Build.0 = Debug|Any CPU
		{11EF91DF-C5A1-40E0-ADE4-9E4EFF01FE60}.Release|Any CPU.ActiveCfg = Release|Any CPU
		{11EF91DF-C5A1-40E0-ADE4-9E4EFF01FE60}.Release|Any CPU.Build.0 = Release|Any CPU
	EndGlobalSection
	GlobalSection(SolutionProperties) = preSolution
		HideSolutionNode = FALSE
	EndGlobalSection
	GlobalSection(ExtensibilityGlobals) = postSolution
		SolutionGuid = {E98328A2-5298-4A47-BE14-91BF695B3121}
	EndGlobalSection
EndGlobal
